
Microsoft Visual Studio Solution File, Format Version 12.00
# Visual Studio Version 17
VisualStudioVersion = 17.12.35707.178 d17.12
MinimumVisualStudioVersion = 10.0.40219.1
Project("{FAE04EC0-301F-11D3-BF4B-00C04F79EFBC}") = "ProjetoWhile1", "ProjetoWhile1\ProjetoWhile1.csproj", "{CE4D8CE3-4CE4-4DE7-85F4-EF8F8D436441}"
EndProject
Global
	GlobalSection(SolutionConfigurationPlatforms) = preSolution
		Debug|Any CPU = Debug|Any CPU
		Release|Any CPU = Release|Any CPU
	EndGlobalSection
	GlobalSection(ProjectConfigurationPlatforms) = postSolution
		{CE4D8CE3-4CE4-4DE7-85F4-EF8F8D436441}.Debug|Any CPU.ActiveCfg = Debug|Any CPU
		{CE4D8CE3-4CE4-4DE7-85F4-EF8F8D436441}.Debug|Any CPU.Build.0 = Debug|Any CPU
		{CE4D8CE3-4CE4-4DE7-85F4-EF8F8D436441}.Release|Any CPU.ActiveCfg = Release|Any CPU
		{CE4D8CE3-4CE4-4DE7-85F4-EF8F8D436441}.Release|Any CPU.Build.0 = Release|Any CPU
	EndGlobalSection
	GlobalSection(SolutionProperties) = preSolution
		HideSolutionNode = FALSE
	EndGlobalSection
EndGlobal
